
Microsoft Visual Studio Solution File, Format Version 12.00
# Visual Studio Version 17
VisualStudioVersion = 17.2.32616.157
MinimumVisualStudioVersion = 10.0.40219.1
Project("{FAE04EC0-301F-11D3-BF4B-00C04F79EFBC}") = "JwtToken", "JwtToken\JwtToken.csproj", "{B3D0A95B-94E3-4EF5-AFB3-184785B4D397}"
EndProject
Global
	GlobalSection(SolutionConfigurationPlatforms) = preSolution
		Debug|Any CPU = Debug|Any CPU
		Release|Any CPU = Release|Any CPU
	EndGlobalSection
	GlobalSection(ProjectConfigurationPlatforms) = postSolution
		{B3D0A95B-94E3-4EF5-AFB3-184785B4D397}.Debug|Any CPU.ActiveCfg = Debug|Any CPU
		{B3D0A95B-94E3-4EF5-AFB3-184785B4D397}.Debug|Any CPU.Build.0 = Debug|Any CPU
		{B3D0A95B-94E3-4EF5-AFB3-184785B4D397}.Release|Any CPU.ActiveCfg = Release|Any CPU
		{B3D0A95B-94E3-4EF5-AFB3-184785B4D397}.Release|Any CPU.Build.0 = Release|Any CPU
	EndGlobalSection
	GlobalSection(SolutionProperties) = preSolution
		HideSolutionNode = FALSE
	EndGlobalSection
	GlobalSection(ExtensibilityGlobals) = postSolution
		SolutionGuid = {64BE2620-1EC8-458B-850A-F2C3CBC68579}
	EndGlobalSection
EndGlobal
